// !$*UTF8*$!
{
	archiveVersion = 1;
	classes = {
	};
	objectVersion = 77;
	objects = {

/* Begin PBXContainerItemProxy section */
		380142A22D6C3A55006D550F /* PBXContainerItemProxy */ = {
			isa = PBXContainerItemProxy;
			containerPortal = 380142892D6C3A53006D550F /* Project object */;
			proxyType = 1;
			remoteGlobalIDString = 380142902D6C3A53006D550F;
			remoteInfo = "shopping list";
		};
		380142AC2D6C3A55006D550F /* PBXContainerItemProxy */ = {
			isa = PBXContainerItemProxy;
			containerPortal = 380142892D6C3A53006D550F /* Project object */;
			proxyType = 1;
			remoteGlobalIDString = 380142902D6C3A53006D550F;
			remoteInfo = "shopping list";
		};
/* End PBXContainerItemProxy section */

/* Begin PBXFileReference section */
		380142912D6C3A53006D550F /* shopping list.app */ = {isa = PBXFileReference; explicitFileType = wrapper.application; includeInIndex = 0; path = "shopping list.app"; sourceTree = BUILT_PRODUCTS_DIR; };
		380142A12D6C3A55006D550F /* shopping listTests.xctest */ = {isa = PBXFileReference; explicitFileType = wrapper.cfbundle; includeInIndex = 0; path = "shopping listTests.xctest"; sourceTree = BUILT_PRODUCTS_DIR; };
		380142AB2D6C3A55006D550F /* shopping listUITests.xctest */ = {isa = PBXFileReference; explicitFileType = wrapper.cfbundle; includeInIndex = 0; path = "shopping listUITests.xctest"; sourceTree = BUILT_PRODUCTS_DIR; };
/* End PBXFileReference section */

/* Begin PBXFileSystemSynchronizedRootGroup section */
		380142932D6C3A53006D550F /* shopping list */ = {
			isa = PBXFileSystemSynchronizedRootGroup;
			path = "shopping list";
			sourceTree = "<group>";
		};
		380142A42D6C3A55006D550F /* shopping listTests */ = {
			isa = PBXFileSystemSynchronizedRootGroup;
			path = "shopping listTests";
			sourceTree = "<group>";
		};
		380142AE2D6C3A55006D550F /* shopping listUITests */ = {
			isa = PBXFileSystemSynchronizedRootGroup;
			path = "shopping listUITests";
			sourceTree = "<group>";
		};
/* End PBXFileSystemSynchronizedRootGroup section */

/* Begin PBXFrameworksBuildPhase section */
		3801428E2D6C3A53006D550F /* Frameworks */ = {
			isa = PBXFrameworksBuildPhase;
			buildActionMask = 2147483647;
			files = (
			);
			runOnlyForDeploymentPostprocessing = 0;
		};
		3801429E2D6C3A55006D550F /* Frameworks */ = {
			isa = PBXFrameworksBuildPhase;
			buildActionMask = 2147483647;
			files = (
			);
			runOnlyForDeploymentPostprocessing = 0;
		};
		380142A82D6C3A55006D550F /* Frameworks */ = {
			isa = PBXFrameworksBuildPhase;
			buildActionMask = 2147483647;
			files = (
			);
			runOnlyForDeploymentPostprocessing = 0;
		};
/* End PBXFrameworksBuildPhase section */

/* Begin PBXGroup section */
		380142882D6C3A53006D550F = {
			isa = PBXGroup;
			children = (
				380142932D6C3A53006D550F /* shopping list */,
				380142A42D6C3A55006D550F /* shopping listTests */,
				380142AE2D6C3A55006D550F /* shopping listUITests */,
				380142922D6C3A53006D550F /* Products */,
			);
			sourceTree = "<group>";
		};
		380142922D6C3A53006D550F /* Products */ = {
			isa = PBXGroup;
			children = (
				380142912D6C3A53006D550F /* shopping list.app */,
				380142A12D6C3A55006D550F /* shopping listTests.xctest */,
				380142AB2D6C3A55006D550F /* shopping listUITests.xctest */,
			);
			name = Products;
			sourceTree = "<group>";
		};
/* End PBXGroup section */

/* Begin PBXNativeTarget section */
		380142902D6C3A53006D550F /* shopping list */ = {
			isa = PBXNativeTarget;
			buildConfigurationList = 380142B52D6C3A55006D550F /* Build configuration list for PBXNativeTarget "shopping list" */;
			buildPhases = (
				3801428D2D6C3A53006D550F /* Sources */,
				3801428E2D6C3A53006D550F /* Frameworks */,
				3801428F2D6C3A53006D550F /* Resources */,
			);
			buildRules = (
			);
			dependencies = (
			);
			fileSystemSynchronizedGroups = (
				380142932D6C3A53006D550F /* shopping list */,
			);
			name = "shopping list";
			packageProductDependencies = (
			);
			productName = "shopping list";
			productReference = 380142912D6C3A53006D550F /* shopping list.app */;
			productType = "com.apple.product-type.application";
		};
		380142A02D6C3A55006D550F /* shopping listTests */ = {
			isa = PBXNativeTarget;
			buildConfigurationList = 380142B82D6C3A55006D550F /* Build configuration list for PBXNativeTarget "shopping listTests" */;
			buildPhases = (
				3801429D2D6C3A55006D550F /* Sources */,
				3801429E2D6C3A55006D550F /* Frameworks */,
				3801429F2D6C3A55006D550F /* Resources */,
			);
			buildRules = (
			);
			dependencies = (
				380142A32D6C3A55006D550F /* PBXTargetDependency */,
			);
			fileSystemSynchronizedGroups = (
				380142A42D6C3A55006D550F /* shopping listTests */,
			);
			name = "shopping listTests";
			packageProductDependencies = (
			);
			productName = "shopping listTests";
			productReference = 380142A12D6C3A55006D550F /* shopping listTests.xctest */;
			productType = "com.apple.product-type.bundle.unit-test";
		};
		380142AA2D6C3A55006D550F /* shopping listUITests */ = {
			isa = PBXNativeTarget;
			buildConfigurationList = 380142BB2D6C3A55006D550F /* Build configuration list for PBXNativeTarget "shopping listUITests" */;
			buildPhases = (
				380142A72D6C3A55006D550F /* Sources */,
				380142A82D6C3A55006D550F /* Frameworks */,
				380142A92D6C3A55006D550F /* Resources */,
			);
			buildRules = (
			);
			dependencies = (
				380142AD2D6C3A55006D550F /* PBXTargetDependency */,
			);
			fileSystemSynchronizedGroups = (
				380142AE2D6C3A55006D550F /* shopping listUITests */,
			);
			name = "shopping listUITests";
			packageProductDependencies = (
			);
			productName = "shopping listUITests";
			productReference = 380142AB2D6C3A55006D550F /* shopping listUITests.xctest */;
			productType = "com.apple.product-type.bundle.ui-testing";
		};
/* End PBXNativeTarget section */

/* Begin PBXProject section */
		380142892D6C3A53006D550F /* Project object */ = {
			isa = PBXProject;
			attributes = {
				BuildIndependentTargetsInParallel = 1;
				LastSwiftUpdateCheck = 1620;
				LastUpgradeCheck = 1620;
				TargetAttributes = {
					380142902D6C3A53006D550F = {
						CreatedOnToolsVersion = 16.2;
					};
					380142A02D6C3A55006D550F = {
						CreatedOnToolsVersion = 16.2;
						TestTargetID = 380142902D6C3A53006D550F;
					};
					380142AA2D6C3A55006D550F = {
						CreatedOnToolsVersion = 16.2;
						TestTargetID = 380142902D6C3A53006D550F;
					};
				};
			};
			buildConfigurationList = 3801428C2D6C3A53006D550F /* Build configuration list for PBXProject "shopping list" */;
			developmentRegion = en;
			hasScannedForEncodings = 0;
			knownRegions = (
				en,
				Base,
			);
			mainGroup = 380142882D6C3A53006D550F;
			minimizedProjectReferenceProxies = 1;
			preferredProjectObjectVersion = 77;
			productRefGroup = 380142922D6C3A53006D550F /* Products */;
			projectDirPath = "";
			projectRoot = "";
			targets = (
				380142902D6C3A53006D550F /* shopping list */,
				380142A02D6C3A55006D550F /* shopping listTests */,
				380142AA2D6C3A55006D550F /* shopping listUITests */,
			);
		};
/* End PBXProject section */

/* Begin PBXResourcesBuildPhase section */
		3801428F2D6C3A53006D550F /* Resources */ = {
			isa = PBXResourcesBuildPhase;
			buildActionMask = 2147483647;
			files = (
			);
			runOnlyForDeploymentPostprocessing = 0;
		};
		3801429F2D6C3A55006D550F /* Resources */ = {
			isa = PBXResourcesBuildPhase;
			buildActionMask = 2147483647;
			files = (
			);
			runOnlyForDeploymentPostprocessing = 0;
		};
		380142A92D6C3A55006D550F /* Resources */ = {
			isa = PBXResourcesBuildPhase;
			buildActionMask = 2147483647;
			files = (
			);
			runOnlyForDeploymentPostprocessing = 0;
		};
/* End PBXResourcesBuildPhase section */

/* Begin PBXSourcesBuildPhase section */
		3801428D2D6C3A53006D550F /* Sources */ = {
			isa = PBXSourcesBuildPhase;
			buildActionMask = 2147483647;
			files = (
			);
			runOnlyForDeploymentPostprocessing = 0;
		};
		3801429D2D6C3A55006D550F /* Sources */ = {
			isa = PBXSourcesBuildPhase;
			buildActionMask = 2147483647;
			files = (
			);
			runOnlyForDeploymentPostprocessing = 0;
		};
		380142A72D6C3A55006D550F /* Sources */ = {
			isa = PBXSourcesBuildPhase;
			buildActionMask = 2147483647;
			files = (
			);
			runOnlyForDeploymentPostprocessing = 0;
		};
/* End PBXSourcesBuildPhase section */

/* Begin PBXTargetDependency section */
		380142A32D6C3A55006D550F /* PBXTargetDependency */ = {
			isa = PBXTargetDependency;
			target = 380142902D6C3A53006D550F /* shopping list */;
			targetProxy = 380142A22D6C3A55006D550F /* PBXContainerItemProxy */;
		};
		380142AD2D6C3A55006D550F /* PBXTargetDependency */ = {
			isa = PBXTargetDependency;
			target = 380142902D6C3A53006D550F /* shopping list */;
			targetProxy = 380142AC2D6C3A55006D550F /* PBXContainerItemProxy */;
		};
/* End PBXTargetDependency section */

/* Begin XCBuildConfiguration section */
		380142B32D6C3A55006D550F /* Debug */ = {
			isa = XCBuildConfiguration;
			buildSettings = {
				ALWAYS_SEARCH_USER_PATHS = NO;
				ASSETCATALOG_COMPILER_GENERATE_SWIFT_ASSET_SYMBOL_EXTENSIONS = YES;
				CLANG_ANALYZER_NONNULL = YES;
				CLANG_ANALYZER_NUMBER_OBJECT_CONVERSION = YES_AGGRESSIVE;
				CLANG_CXX_LANGUAGE_STANDARD = "gnu++20";
				CLANG_ENABLE_MODULES = YES;
				CLANG_ENABLE_OBJC_ARC = YES;
				CLANG_ENABLE_OBJC_WEAK = YES;
				CLANG_WARN_BLOCK_CAPTURE_AUTORELEASING = YES;
				CLANG_WARN_BOOL_CONVERSION = YES;
				CLANG_WARN_COMMA = YES;
				CLANG_WARN_CONSTANT_CONVERSION = YES;
				CLANG_WARN_DEPRECATED_OBJC_IMPLEMENTATIONS = YES;
				CLANG_WARN_DIRECT_OBJC_ISA_USAGE = YES_ERROR;
				CLANG_WARN_DOCUMENTATION_COMMENTS = YES;
				CLANG_WARN_EMPTY_BODY = YES;
				CLANG_WARN_ENUM_CONVERSION = YES;
				CLANG_WARN_INFINITE_RECURSION = YES;
				CLANG_WARN_INT_CONVERSION = YES;
				CLANG_WARN_NON_LITERAL_NULL_CONVERSION = YES;
				CLANG_WARN_OBJC_IMPLICIT_RETAIN_SELF = YES;
				CLANG_WARN_OBJC_LITERAL_CONVERSION = YES;
				CLANG_WARN_OBJC_ROOT_CLASS = YES_ERROR;
				CLANG_WARN_QUOTED_INCLUDE_IN_FRAMEWORK_HEADER = YES;
				CLANG_WARN_RANGE_LOOP_ANALYSIS = YES;
				CLANG_WARN_STRICT_PROTOTYPES = YES;
				CLANG_WARN_SUSPICIOUS_MOVE = YES;
				CLANG_WARN_UNGUARDED_AVAILABILITY = YES_AGGRESSIVE;
				CLANG_WARN_UNREACHABLE_CODE = YES;
				CLANG_WARN__DUPLICATE_METHOD_MATCH = YES;
				COPY_PHASE_STRIP = NO;
				DEBUG_INFORMATION_FORMAT = dwarf;
				ENABLE_STRICT_OBJC_MSGSEND = YES;
				ENABLE_TESTABILITY = YES;
				ENABLE_USER_SCRIPT_SANDBOXING = YES;
				GCC_C_LANGUAGE_STANDARD = gnu17;
				GCC_DYNAMIC_NO_PIC = NO;
				GCC_NO_COMMON_BLOCKS = YES;
				GCC_OPTIMIZATION_LEVEL = 0;
				GCC_PREPROCESSOR_DEFINITIONS = (
					"DEBUG=1",
					"$(inherited)",
				);
				GCC_WARN_64_TO_32_BIT_CONVERSION = YES;
				GCC_WARN_ABOUT_RETURN_TYPE = YES_ERROR;
				GCC_WARN_UNDECLARED_SELECTOR = YES;
				GCC_WARN_UNINITIALIZED_AUTOS = YES_AGGRESSIVE;
				GCC_WARN_UNUSED_FUNCTION = YES;
				GCC_WARN_UNUSED_VARIABLE = YES;
				IPHONEOS_DEPLOYMENT_TARGET = 18.2;
				LOCALIZATION_PREFERS_STRING_CATALOGS = YES;
				MTL_ENABLE_DEBUG_INFO = INCLUDE_SOURCE;
				MTL_FAST_MATH = YES;
				ONLY_ACTIVE_ARCH = YES;
				SDKROOT = iphoneos;
				SWIFT_ACTIVE_COMPILATION_CONDITIONS = "DEBUG $(inherited)";
				SWIFT_OPTIMIZATION_LEVEL = "-Onone";
			};
			name = Debug;
		};
		380142B42D6C3A55006D550F /* Release */ = {
			isa = XCBuildConfiguration;
			buildSettings = {
				ALWAYS_SEARCH_USER_PATHS = NO;
				ASSETCATALOG_COMPILER_GENERATE_SWIFT_ASSET_SYMBOL_EXTENSIONS = YES;
				CLANG_ANALYZER_NONNULL = YES;
				CLANG_ANALYZER_NUMBER_OBJECT_CONVERSION = YES_AGGRESSIVE;
				CLANG_CXX_LANGUAGE_STANDARD = "gnu++20";
				CLANG_ENABLE_MODULES = YES;
				CLANG_ENABLE_OBJC_ARC = YES;
				CLANG_ENABLE_OBJC_WEAK = YES;
				CLANG_WARN_BLOCK_CAPTURE_AUTORELEASING = YES;
				CLANG_WARN_BOOL_CONVERSION = YES;
				CLANG_WARN_COMMA = YES;
				CLANG_WARN_CONSTANT_CONVERSION = YES;
				CLANG_WARN_DEPRECATED_OBJC_IMPLEMENTATIONS = YES;
				CLANG_WARN_DIRECT_OBJC_ISA_USAGE = YES_ERROR;
				CLANG_WARN_DOCUMENTATION_COMMENTS = YES;
				CLANG_WARN_EMPTY_BODY = YES;
				CLANG_WARN_ENUM_CONVERSION = YES;
				CLANG_WARN_INFINITE_RECURSION = YES;
				CLANG_WARN_INT_CONVERSION = YES;
				CLANG_WARN_NON_LITERAL_NULL_CONVERSION = YES;
				CLANG_WARN_OBJC_IMPLICIT_RETAIN_SELF = YES;
				CLANG_WARN_OBJC_LITERAL_CONVERSION = YES;
				CLANG_WARN_OBJC_ROOT_CLASS = YES_ERROR;
				CLANG_WARN_QUOTED_INCLUDE_IN_FRAMEWORK_HEADER = YES;
				CLANG_WARN_RANGE_LOOP_ANALYSIS = YES;
				CLANG_WARN_STRICT_PROTOTYPES = YES;
				CLANG_WARN_SUSPICIOUS_MOVE = YES;
				CLANG_WARN_UNGUARDED_AVAILABILITY = YES_AGGRESSIVE;
				CLANG_WARN_UNREACHABLE_CODE = YES;
				CLANG_WARN__DUPLICATE_METHOD_MATCH = YES;
				COPY_PHASE_STRIP = NO;
				DEBUG_INFORMATION_FORMAT = "dwarf-with-dsym";
				ENABLE_NS_ASSERTIONS = NO;
				ENABLE_STRICT_OBJC_MSGSEND = YES;
				ENABLE_USER_SCRIPT_SANDBOXING = YES;
				GCC_C_LANGUAGE_STANDARD = gnu17;
				GCC_NO_COMMON_BLOCKS = YES;
				GCC_WARN_64_TO_32_BIT_CONVERSION = YES;
				GCC_WARN_ABOUT_RETURN_TYPE = YES_ERROR;
				GCC_WARN_UNDECLARED_SELECTOR = YES;
				GCC_WARN_UNINITIALIZED_AUTOS = YES_AGGRESSIVE;
				GCC_WARN_UNUSED_FUNCTION = YES;
				GCC_WARN_UNUSED_VARIABLE = YES;
				IPHONEOS_DEPLOYMENT_TARGET = 18.2;
				LOCALIZATION_PREFERS_STRING_CATALOGS = YES;
				MTL_ENABLE_DEBUG_INFO = NO;
				MTL_FAST_MATH = YES;
				SDKROOT = iphoneos;
				SWIFT_COMPILATION_MODE = wholemodule;
				VALIDATE_PRODUCT = YES;
			};
			name = Release;
		};
		380142B62D6C3A55006D550F /* Debug */ = {
			isa = XCBuildConfiguration;
			buildSettings = {
				ASSETCATALOG_COMPILER_APPICON_NAME = AppIcon;
				ASSETCATALOG_COMPILER_GLOBAL_ACCENT_COLOR_NAME = AccentColor;
				CODE_SIGN_STYLE = Automatic;
				CURRENT_PROJECT_VERSION = 1;
				DEVELOPMENT_ASSET_PATHS = "\"shopping list/Preview Content\"";
				ENABLE_PREVIEWS = YES;
				GENERATE_INFOPLIST_FILE = YES;
				INFOPLIST_KEY_UIApplicationSceneManifest_Generation = YES;
				INFOPLIST_KEY_UIApplicationSupportsIndirectInputEvents = YES;
				INFOPLIST_KEY_UILaunchScreen_Generation = YES;
				INFOPLIST_KEY_UISupportedInterfaceOrientations_iPad = "UIInterfaceOrientationPortrait UIInterfaceOrientationPortraitUpsideDown UIInterfaceOrientationLandscapeLeft UIInterfaceOrientationLandscapeRight";
				INFOPLIST_KEY_UISupportedInterfaceOrientations_iPhone = "UIInterfaceOrientationPortrait UIInterfaceOrientationLandscapeLeft UIInterfaceOrientationLandscapeRight";
				LD_RUNPATH_SEARCH_PATHS = (
					"$(inherited)",
					"@executable_path/Frameworks",
				);
				MARKETING_VERSION = 1.0;
				PRODUCT_BUNDLE_IDENTIFIER = "ca.georgebrown.comp3097.shopping-list";
				PRODUCT_NAME = "$(TARGET_NAME)";
				SWIFT_EMIT_LOC_STRINGS = YES;
				SWIFT_VERSION = 5.0;
				TARGETED_DEVICE_FAMILY = "1,2";
			};
			name = Debug;
		};
		380142B72D6C3A55006D550F /* Release */ = {
			isa = XCBuildConfiguration;
			buildSettings = {
				ASSETCATALOG_COMPILER_APPICON_NAME = AppIcon;
				ASSETCATALOG_COMPILER_GLOBAL_ACCENT_COLOR_NAME = AccentColor;
				CODE_SIGN_STYLE = Automatic;
				CURRENT_PROJECT_VERSION = 1;
				DEVELOPMENT_ASSET_PATHS = "\"shopping list/Preview Content\"";
				ENABLE_PREVIEWS = YES;
				GENERATE_INFOPLIST_FILE = YES;
				INFOPLIST_KEY_UIApplicationSceneManifest_Generation = YES;
				INFOPLIST_KEY_UIApplicationSupportsIndirectInputEvents = YES;
				INFOPLIST_KEY_UILaunchScreen_Generation = YES;
				INFOPLIST_KEY_UISupportedInterfaceOrientations_iPad = "UIInterfaceOrientationPortrait UIInterfaceOrientationPortraitUpsideDown UIInterfaceOrientationLandscapeLeft UIInterfaceOrientationLandscapeRight";
				INFOPLIST_KEY_UISupportedInterfaceOrientations_iPhone = "UIInterfaceOrientationPortrait UIInterfaceOrientationLandscapeLeft UIInterfaceOrientationLandscapeRight";
				LD_RUNPATH_SEARCH_PATHS = (
					"$(inherited)",
					"@executable_path/Frameworks",
				);
				MARKETING_VERSION = 1.0;
				PRODUCT_BUNDLE_IDENTIFIER = "ca.georgebrown.comp3097.shopping-list";
				PRODUCT_NAME = "$(TARGET_NAME)";
				SWIFT_EMIT_LOC_STRINGS = YES;
				SWIFT_VERSION = 5.0;
				TARGETED_DEVICE_FAMILY = "1,2";
			};
			name = Release;
		};
		380142B92D6C3A55006D550F /* Debug */ = {
			isa = XCBuildConfiguration;
			buildSettings = {
				BUNDLE_LOADER = "$(TEST_HOST)";
				CODE_SIGN_STYLE = Automatic;
				CURRENT_PROJECT_VERSION = 1;
				GENERATE_INFOPLIST_FILE = YES;
				IPHONEOS_DEPLOYMENT_TARGET = 18.2;
				MARKETING_VERSION = 1.0;
				PRODUCT_BUNDLE_IDENTIFIER = "ca.georgebrown.comp3097.shopping-listTests";
				PRODUCT_NAME = "$(TARGET_NAME)";
				SWIFT_EMIT_LOC_STRINGS = NO;
				SWIFT_VERSION = 5.0;
				TARGETED_DEVICE_FAMILY = "1,2";
				TEST_HOST = "$(BUILT_PRODUCTS_DIR)/shopping list.app/$(BUNDLE_EXECUTABLE_FOLDER_PATH)/shopping list";
			};
			name = Debug;
		};
		380142BA2D6C3A55006D550F /* Release */ = {
			isa = XCBuildConfiguration;
			buildSettings = {
				BUNDLE_LOADER = "$(TEST_HOST)";
				CODE_SIGN_STYLE = Automatic;
				CURRENT_PROJECT_VERSION = 1;
				GENERATE_INFOPLIST_FILE = YES;
				IPHONEOS_DEPLOYMENT_TARGET = 18.2;
				MARKETING_VERSION = 1.0;
				PRODUCT_BUNDLE_IDENTIFIER = "ca.georgebrown.comp3097.shopping-listTests";
				PRODUCT_NAME = "$(TARGET_NAME)";
				SWIFT_EMIT_LOC_STRINGS = NO;
				SWIFT_VERSION = 5.0;
				TARGETED_DEVICE_FAMILY = "1,2";
				TEST_HOST = "$(BUILT_PRODUCTS_DIR)/shopping list.app/$(BUNDLE_EXECUTABLE_FOLDER_PATH)/shopping list";
			};
			name = Release;
		};
		380142BC2D6C3A55006D550F /* Debug */ = {
			isa = XCBuildConfiguration;
			buildSettings = {
				CODE_SIGN_STYLE = Automatic;
				CURRENT_PROJECT_VERSION = 1;
				GENERATE_INFOPLIST_FILE = YES;
				MARKETING_VERSION = 1.0;
				PRODUCT_BUNDLE_IDENTIFIER = "ca.georgebrown.comp3097.shopping-listUITests";
				PRODUCT_NAME = "$(TARGET_NAME)";
				SWIFT_EMIT_LOC_STRINGS = NO;
				SWIFT_VERSION = 5.0;
				TARGETED_DEVICE_FAMILY = "1,2";
				TEST_TARGET_NAME = "shopping list";
			};
			name = Debug;
		};
		380142BD2D6C3A55006D550F /* Release */ = {
			isa = XCBuildConfiguration;
			buildSettings = {
				CODE_SIGN_STYLE = Automatic;
				CURRENT_PROJECT_VERSION = 1;
				GENERATE_INFOPLIST_FILE = YES;
				MARKETING_VERSION = 1.0;
				PRODUCT_BUNDLE_IDENTIFIER = "ca.georgebrown.comp3097.shopping-listUITests";
				PRODUCT_NAME = "$(TARGET_NAME)";
				SWIFT_EMIT_LOC_STRINGS = NO;
				SWIFT_VERSION = 5.0;
				TARGETED_DEVICE_FAMILY = "1,2";
				TEST_TARGET_NAME = "shopping list";
			};
			name = Release;
		};
/* End XCBuildConfiguration section */

/* Begin XCConfigurationList section */
		3801428C2D6C3A53006D550F /* Build configuration list for PBXProject "shopping list" */ = {
			isa = XCConfigurationList;
			buildConfigurations = (
				380142B32D6C3A55006D550F /* Debug */,
				380142B42D6C3A55006D550F /* Release */,
			);
			defaultConfigurationIsVisible = 0;
			defaultConfigurationName = Release;
		};
		380142B52D6C3A55006D550F /* Build configuration list for PBXNativeTarget "shopping list" */ = {
			isa = XCConfigurationList;
			buildConfigurations = (
				380142B62D6C3A55006D550F /* Debug */,
				380142B72D6C3A55006D550F /* Release */,
			);
			defaultConfigurationIsVisible = 0;
			defaultConfigurationName = Release;
		};
		380142B82D6C3A55006D550F /* Build configuration list for PBXNativeTarget "shopping listTests" */ = {
			isa = XCConfigurationList;
			buildConfigurations = (
				380142B92D6C3A55006D550F /* Debug */,
				380142BA2D6C3A55006D550F /* Release */,
			);
			defaultConfigurationIsVisible = 0;
			defaultConfigurationName = Release;
		};
		380142BB2D6C3A55006D550F /* Build configuration list for PBXNativeTarget "shopping listUITests" */ = {
			isa = XCConfigurationList;
			buildConfigurations = (
				380142BC2D6C3A55006D550F /* Debug */,
				380142BD2D6C3A55006D550F /* Release */,
			);
			defaultConfigurationIsVisible = 0;
			defaultConfigurationName = Release;
		};
/* End XCConfigurationList section */
	};
	rootObject = 380142892D6C3A53006D550F /* Project object */;
}
